
Microsoft Visual Studio Solution File, Format Version 12.00
# Visual Studio Version 16
VisualStudioVersion = 16.0.32802.440
MinimumVisualStudioVersion = 10.0.40219.1
Project("{FAE04EC0-301F-11D3-BF4B-00C04F79EFBC}") = "DailyReport", "DailyReport\DailyReport.csproj", "{DE860DDA-1C20-4204-B785-8F4C9CCD16C3}"
EndProject
Global
	GlobalSection(SolutionConfigurationPlatforms) = preSolution
		Debug|Any CPU = Debug|Any CPU
		Release|Any CPU = Release|Any CPU
	EndGlobalSection
	GlobalSection(ProjectConfigurationPlatforms) = postSolution
		{DE860DDA-1C20-4204-B785-8F4C9CCD16C3}.Debug|Any CPU.ActiveCfg = Debug|Any CPU
		{DE860DDA-1C20-4204-B785-8F4C9CCD16C3}.Debug|Any CPU.Build.0 = Debug|Any CPU
		{DE860DDA-1C20-4204-B785-8F4C9CCD16C3}.Release|Any CPU.ActiveCfg = Release|Any CPU
		{DE860DDA-1C20-4204-B785-8F4C9CCD16C3}.Release|Any CPU.Build.0 = Release|Any CPU
	EndGlobalSection
	GlobalSection(SolutionProperties) = preSolution
		HideSolutionNode = FALSE
	EndGlobalSection
	GlobalSection(ExtensibilityGlobals) = postSolution
		SolutionGuid = {38988AAA-7083-4E62-891F-D595C92D4B1B}
	EndGlobalSection
EndGlobal
