
Microsoft Visual Studio Solution File, Format Version 12.00
# Visual Studio Version 16
VisualStudioVersion = 16.0.32802.440
MinimumVisualStudioVersion = 10.0.40219.1
Project("{FAE04EC0-301F-11D3-BF4B-00C04F79EFBC}") = "DateTimeAssignment", "DateTimeAssignment\DateTimeAssignment.csproj", "{4F09CA6C-4A04-4D25-B8A9-56A8C632F696}"
EndProject
Global
	GlobalSection(SolutionConfigurationPlatforms) = preSolution
		Debug|Any CPU = Debug|Any CPU
		Release|Any CPU = Release|Any CPU
	EndGlobalSection
	GlobalSection(ProjectConfigurationPlatforms) = postSolution
		{4F09CA6C-4A04-4D25-B8A9-56A8C632F696}.Debug|Any CPU.ActiveCfg = Debug|Any CPU
		{4F09CA6C-4A04-4D25-B8A9-56A8C632F696}.Debug|Any CPU.Build.0 = Debug|Any CPU
		{4F09CA6C-4A04-4D25-B8A9-56A8C632F696}.Release|Any CPU.ActiveCfg = Release|Any CPU
		{4F09CA6C-4A04-4D25-B8A9-56A8C632F696}.Release|Any CPU.Build.0 = Release|Any CPU
	EndGlobalSection
	GlobalSection(SolutionProperties) = preSolution
		HideSolutionNode = FALSE
	EndGlobalSection
	GlobalSection(ExtensibilityGlobals) = postSolution
		SolutionGuid = {9C227635-CDFE-49B9-8C62-DFE855799440}
	EndGlobalSection
EndGlobal
