
Microsoft Visual Studio Solution File, Format Version 12.00
# Visual Studio Version 16
VisualStudioVersion = 16.0.32802.440
MinimumVisualStudioVersion = 10.0.40219.1
Project("{FAE04EC0-301F-11D3-BF4B-00C04F79EFBC}") = "ConstructorAssignment", "ConstructorAssignment\ConstructorAssignment.csproj", "{7672D1EB-91AD-4C14-9313-0BC0C30C0BFF}"
EndProject
Global
	GlobalSection(SolutionConfigurationPlatforms) = preSolution
		Debug|Any CPU = Debug|Any CPU
		Release|Any CPU = Release|Any CPU
	EndGlobalSection
	GlobalSection(ProjectConfigurationPlatforms) = postSolution
		{7672D1EB-91AD-4C14-9313-0BC0C30C0BFF}.Debug|Any CPU.ActiveCfg = Debug|Any CPU
		{7672D1EB-91AD-4C14-9313-0BC0C30C0BFF}.Debug|Any CPU.Build.0 = Debug|Any CPU
		{7672D1EB-91AD-4C14-9313-0BC0C30C0BFF}.Release|Any CPU.ActiveCfg = Release|Any CPU
		{7672D1EB-91AD-4C14-9313-0BC0C30C0BFF}.Release|Any CPU.Build.0 = Release|Any CPU
	EndGlobalSection
	GlobalSection(SolutionProperties) = preSolution
		HideSolutionNode = FALSE
	EndGlobalSection
	GlobalSection(ExtensibilityGlobals) = postSolution
		SolutionGuid = {A7EF8F95-97FC-4797-B08C-F31D72EC1865}
	EndGlobalSection
EndGlobal
