
Microsoft Visual Studio Solution File, Format Version 12.00
# Visual Studio Version 16
VisualStudioVersion = 16.0.32802.440
MinimumVisualStudioVersion = 10.0.40219.1
Project("{FAE04EC0-301F-11D3-BF4B-00C04F79EFBC}") = "MethodSubmissionAssignment", "MethodSubmissionAssignment\MethodSubmissionAssignment.csproj", "{17247D36-884F-46F5-94BB-EF3E3FB88DC7}"
EndProject
Global
	GlobalSection(SolutionConfigurationPlatforms) = preSolution
		Debug|Any CPU = Debug|Any CPU
		Release|Any CPU = Release|Any CPU
	EndGlobalSection
	GlobalSection(ProjectConfigurationPlatforms) = postSolution
		{17247D36-884F-46F5-94BB-EF3E3FB88DC7}.Debug|Any CPU.ActiveCfg = Debug|Any CPU
		{17247D36-884F-46F5-94BB-EF3E3FB88DC7}.Debug|Any CPU.Build.0 = Debug|Any CPU
		{17247D36-884F-46F5-94BB-EF3E3FB88DC7}.Release|Any CPU.ActiveCfg = Release|Any CPU
		{17247D36-884F-46F5-94BB-EF3E3FB88DC7}.Release|Any CPU.Build.0 = Release|Any CPU
	EndGlobalSection
	GlobalSection(SolutionProperties) = preSolution
		HideSolutionNode = FALSE
	EndGlobalSection
	GlobalSection(ExtensibilityGlobals) = postSolution
		SolutionGuid = {989C64CE-2F60-4AA5-8DA5-D26445CBC0B5}
	EndGlobalSection
EndGlobal
